
Microsoft Visual Studio Solution File, Format Version 12.00
# Visual Studio Version 16
VisualStudioVersion = 16.0.30907.101
MinimumVisualStudioVersion = 10.0.40219.1
Project("{FAE04EC0-301F-11D3-BF4B-00C04F79EFBC}") = "WFPrimeTool", "WFPrimeTool\WFPrimeTool.csproj", "{86DC2DE9-326C-49FA-A52D-8A2E290946AA}"
EndProject
Global
	GlobalSection(SolutionConfigurationPlatforms) = preSolution
		Debug|Any CPU = Debug|Any CPU
		Release|Any CPU = Release|Any CPU
	EndGlobalSection
	GlobalSection(ProjectConfigurationPlatforms) = postSolution
		{86DC2DE9-326C-49FA-A52D-8A2E290946AA}.Debug|Any CPU.ActiveCfg = Debug|Any CPU
		{86DC2DE9-326C-49FA-A52D-8A2E290946AA}.Debug|Any CPU.Build.0 = Debug|Any CPU
		{86DC2DE9-326C-49FA-A52D-8A2E290946AA}.Release|Any CPU.ActiveCfg = Release|Any CPU
		{86DC2DE9-326C-49FA-A52D-8A2E290946AA}.Release|Any CPU.Build.0 = Release|Any CPU
	EndGlobalSection
	GlobalSection(SolutionProperties) = preSolution
		HideSolutionNode = FALSE
	EndGlobalSection
	GlobalSection(ExtensibilityGlobals) = postSolution
		SolutionGuid = {2EAFC34C-7710-439B-9EAE-B71B43806DC6}
	EndGlobalSection
EndGlobal
